
Microsoft Visual Studio Solution File, Format Version 12.00
# Visual Studio Version 16
VisualStudioVersion = 16.0.30320.27
MinimumVisualStudioVersion = 10.0.40219.1
Project("{FAE04EC0-301F-11D3-BF4B-00C04F79EFBC}") = "GeneralStoreAPI_Demo", "GeneralStoreAPI_Demo\GeneralStoreAPI_Demo.csproj", "{52BBAE9D-E4B2-485C-8FBA-B3FFE8D4121E}"
EndProject
Global
	GlobalSection(SolutionConfigurationPlatforms) = preSolution
		Debug|Any CPU = Debug|Any CPU
		Release|Any CPU = Release|Any CPU
	EndGlobalSection
	GlobalSection(ProjectConfigurationPlatforms) = postSolution
		{52BBAE9D-E4B2-485C-8FBA-B3FFE8D4121E}.Debug|Any CPU.ActiveCfg = Debug|Any CPU
		{52BBAE9D-E4B2-485C-8FBA-B3FFE8D4121E}.Debug|Any CPU.Build.0 = Debug|Any CPU
		{52BBAE9D-E4B2-485C-8FBA-B3FFE8D4121E}.Release|Any CPU.ActiveCfg = Release|Any CPU
		{52BBAE9D-E4B2-485C-8FBA-B3FFE8D4121E}.Release|Any CPU.Build.0 = Release|Any CPU
	EndGlobalSection
	GlobalSection(SolutionProperties) = preSolution
		HideSolutionNode = FALSE
	EndGlobalSection
	GlobalSection(ExtensibilityGlobals) = postSolution
		SolutionGuid = {F624B816-E321-4DCD-8A89-2162EFAEC8B4}
	EndGlobalSection
EndGlobal
